PODS:
  - SnapSDK/SCSDKCoreKit (1.15.0)
  - SnapSDK/SCSDKCreativeKit (1.15.0):
    - SnapSDK/SCSDKCoreKit
  - SnapSDK/SCSDKLoginKit (1.15.0):
    - SnapSDK/SCSDKCoreKit

DEPENDENCIES:
  - SnapSDK/SCSDKCoreKit
  - SnapSDK/SCSDKCreativeKit
  - SnapSDK/SCSDKLoginKit

SPEC REPOS:
  trunk:
    - SnapSDK

SPEC CHECKSUMS:
  SnapSDK: 1e68aad748e080f49e3802559b3b76026666ef62

PODFILE CHECKSUM: fdd2842d543f25c47e45fd1d9e3c7994506db1ec

COCOAPODS: 1.13.0
